// !$*UTF8*$!
{
	archiveVersion = 1;
	classes = {
	};
	objectVersion = 46;
	objects = {

/* Begin PBXBuildFile section */
		5A14D90383984CD4B1952F08 /* libPods.a in Frameworks */ = {isa = PBXBuildFile; fileRef = 46F6883FE33E4500AAA93571 /* libPods.a */; };
		E222B16019CD17A6007627AF /* AppDelegate.swift in Sources */ = {isa = PBXBuildFile; fileRef = E222B15F19CD17A6007627AF /* AppDelegate.swift */; };
		E222B16219CD17A6007627AF /* ViewController.swift in Sources */ = {isa = PBXBuildFile; fileRef = E222B16119CD17A6007627AF /* ViewController.swift */; };
		E222B16719CD17A6007627AF /* Images.xcassets in Resources */ = {isa = PBXBuildFile; fileRef = E222B16619CD17A6007627AF /* Images.xcassets */; };
		E222B16A19CD17A6007627AF /* LaunchScreen.xib in Resources */ = {isa = PBXBuildFile; fileRef = E222B16819CD17A6007627AF /* LaunchScreen.xib */; };
		E222B17619CD17A6007627AF /* GoForItTests.swift in Sources */ = {isa = PBXBuildFile; fileRef = E222B17519CD17A6007627AF /* GoForItTests.swift */; };
		E222B18019CD186F007627AF /* RecorderViewController.swift in Sources */ = {isa = PBXBuildFile; fileRef = E222B17F19CD186F007627AF /* RecorderViewController.swift */; };
		E222B18419CD2010007627AF /* microphone@3x.png in Resources */ = {isa = PBXBuildFile; fileRef = E222B18319CD2010007627AF /* microphone@3x.png */; };
		E222B18619CD20DF007627AF /* AVFoundation.framework in Frameworks */ = {isa = PBXBuildFile; fileRef = E222B18519CD20DF007627AF /* AVFoundation.framework */; };
		E222B18C19CD3954007627AF /* cancel_button@3x.png in Resources */ = {isa = PBXBuildFile; fileRef = E222B18719CD3954007627AF /* cancel_button@3x.png */; };
		E222B18D19CD3954007627AF /* replay_button@3x.png in Resources */ = {isa = PBXBuildFile; fileRef = E222B18819CD3954007627AF /* replay_button@3x.png */; };
		E222B18E19CD3954007627AF /* tabbar_alarm@3x.png in Resources */ = {isa = PBXBuildFile; fileRef = E222B18919CD3954007627AF /* tabbar_alarm@3x.png */; };
		E222B18F19CD3954007627AF /* tabbar_microphone@3x.png in Resources */ = {isa = PBXBuildFile; fileRef = E222B18A19CD3954007627AF /* tabbar_microphone@3x.png */; };
		E222B19019CD3954007627AF /* tabbar_play@3x.png in Resources */ = {isa = PBXBuildFile; fileRef = E222B18B19CD3954007627AF /* tabbar_play@3x.png */; };
		E222B19219CD3A65007627AF /* record_button@3x.png in Resources */ = {isa = PBXBuildFile; fileRef = E222B19119CD3A65007627AF /* record_button@3x.png */; };
		E222B19519CD6B0D007627AF /* Authentication.swift in Sources */ = {isa = PBXBuildFile; fileRef = E222B19419CD6B0D007627AF /* Authentication.swift */; };
		E222B19719CD7342007627AF /* upload_button@3x.png in Resources */ = {isa = PBXBuildFile; fileRef = E222B19619CD7342007627AF /* upload_button@3x.png */; };
/* End PBXBuildFile section */

/* Begin PBXContainerItemProxy section */
		E222B17019CD17A6007627AF /* PBXContainerItemProxy */ = {
			isa = PBXContainerItemProxy;
			containerPortal = E222B15219CD17A6007627AF /* Project object */;
			proxyType = 1;
			remoteGlobalIDString = E222B15919CD17A6007627AF;
			remoteInfo = GoForIt;
		};
/* End PBXContainerItemProxy section */

/* Begin PBXFileReference section */
		46F6883FE33E4500AAA93571 /* libPods.a */ = {isa = PBXFileReference; explicitFileType = archive.ar; includeInIndex = 0; path = libPods.a; sourceTree = BUILT_PRODUCTS_DIR; };
		B76BFD59B6DF4F7D8B26BAC5 /* Pods.xcconfig */ = {isa = PBXFileReference; includeInIndex = 1; lastKnownFileType = text.xcconfig; name = Pods.xcconfig; path = Pods/Pods.xcconfig; sourceTree = "<group>"; };
		E222B15A19CD17A6007627AF /* GoForIt.app */ = {isa = PBXFileReference; explicitFileType = wrapper.application; includeInIndex = 0; path = GoForIt.app; sourceTree = BUILT_PRODUCTS_DIR; };
		E222B15E19CD17A6007627AF /* Info.plist */ = {isa = PBXFileReference; lastKnownFileType = text.plist.xml; path = Info.plist; sourceTree = "<group>"; };
		E222B15F19CD17A6007627AF /* AppDelegate.swift */ = {isa = PBXFileReference; lastKnownFileType = sourcecode.swift; path = AppDelegate.swift; sourceTree = "<group>"; };
		E222B16119CD17A6007627AF /* ViewController.swift */ = {isa = PBXFileReference; lastKnownFileType = sourcecode.swift; path = ViewController.swift; sourceTree = "<group>"; };
		E222B16619CD17A6007627AF /* Images.xcassets */ = {isa = PBXFileReference; lastKnownFileType = folder.assetcatalog; path = Images.xcassets; sourceTree = "<group>"; };
		E222B16919CD17A6007627AF /* Base */ = {isa = PBXFileReference; lastKnownFileType = file.xib; name = Base; path = Base.lproj/LaunchScreen.xib; sourceTree = "<group>"; };
		E222B16F19CD17A6007627AF /* GoForItTests.xctest */ = {isa = PBXFileReference; explicitFileType = wrapper.cfbundle; includeInIndex = 0; path = GoForItTests.xctest; sourceTree = BUILT_PRODUCTS_DIR; };
		E222B17419CD17A6007627AF /* Info.plist */ = {isa = PBXFileReference; lastKnownFileType = text.plist.xml; path = Info.plist; sourceTree = "<group>"; };
		E222B17519CD17A6007627AF /* GoForItTests.swift */ = {isa = PBXFileReference; lastKnownFileType = sourcecode.swift; path = GoForItTests.swift; sourceTree = "<group>"; };
		E222B17F19CD186F007627AF /* RecorderViewController.swift */ = {isa = PBXFileReference; fileEncoding = 4; lastKnownFileType = sourcecode.swift; path = RecorderViewController.swift; sourceTree = "<group>"; };
		E222B18319CD2010007627AF /* microphone@3x.png */ = {isa = PBXFileReference; lastKnownFileType = image.png; path = "microphone@3x.png"; sourceTree = "<group>"; };
		E222B18519CD20DF007627AF /* AVFoundation.framework */ = {isa = PBXFileReference; lastKnownFileType = wrapper.framework; name = AVFoundation.framework; path = System/Library/Frameworks/AVFoundation.framework; sourceTree = SDKROOT; };
		E222B18719CD3954007627AF /* cancel_button@3x.png */ = {isa = PBXFileReference; lastKnownFileType = image.png; path = "cancel_button@3x.png"; sourceTree = "<group>"; };
		E222B18819CD3954007627AF /* replay_button@3x.png */ = {isa = PBXFileReference; lastKnownFileType = image.png; path = "replay_button@3x.png"; sourceTree = "<group>"; };
		E222B18919CD3954007627AF /* tabbar_alarm@3x.png */ = {isa = PBXFileReference; lastKnownFileType = image.png; path = "tabbar_alarm@3x.png"; sourceTree = "<group>"; };
		E222B18A19CD3954007627AF /* tabbar_microphone@3x.png */ = {isa = PBXFileReference; lastKnownFileType = image.png; path = "tabbar_microphone@3x.png"; sourceTree = "<group>"; };
		E222B18B19CD3954007627AF /* tabbar_play@3x.png */ = {isa = PBXFileReference; lastKnownFileType = image.png; path = "tabbar_play@3x.png"; sourceTree = "<group>"; };
		E222B19119CD3A65007627AF /* record_button@3x.png */ = {isa = PBXFileReference; lastKnownFileType = image.png; path = "record_button@3x.png"; sourceTree = "<group>"; };
		E222B19319CD47B2007627AF /* BridgingHeader.h */ = {isa = PBXFileReference; lastKnownFileType = sourcecode.c.h; path = BridgingHeader.h; sourceTree = "<group>"; };
		E222B19419CD6B0D007627AF /* Authentication.swift */ = {isa = PBXFileReference; fileEncoding = 4; lastKnownFileType = sourcecode.swift; path = Authentication.swift; sourceTree = "<group>"; };
		E222B19619CD7342007627AF /* upload_button@3x.png */ = {isa = PBXFileReference; lastKnownFileType = image.png; path = "upload_button@3x.png"; sourceTree = "<group>"; };
/* End PBXFileReference section */

/* Begin PBXFrameworksBuildPhase section */
		E222B15719CD17A6007627AF /* Frameworks */ = {
			isa = PBXFrameworksBuildPhase;
			buildActionMask = 2147483647;
			files = (
				E222B18619CD20DF007627AF /* AVFoundation.framework in Frameworks */,
				5A14D90383984CD4B1952F08 /* libPods.a in Frameworks */,
			);
			runOnlyForDeploymentPostprocessing = 0;
		};
		E222B16C19CD17A6007627AF /* Frameworks */ = {
			isa = PBXFrameworksBuildPhase;
			buildActionMask = 2147483647;
			files = (
			);
			runOnlyForDeploymentPostprocessing = 0;
		};
/* End PBXFrameworksBuildPhase section */

/* Begin PBXGroup section */
		9D5CC8D92A7C45B091AEED4E /* Frameworks */ = {
			isa = PBXGroup;
			children = (
				46F6883FE33E4500AAA93571 /* libPods.a */,
			);
			name = Frameworks;
			sourceTree = "<group>";
		};
		E222B15119CD17A6007627AF = {
			isa = PBXGroup;
			children = (
				E222B18519CD20DF007627AF /* AVFoundation.framework */,
				E222B15C19CD17A6007627AF /* GoForIt */,
				E222B17219CD17A6007627AF /* GoForItTests */,
				E222B15B19CD17A6007627AF /* Products */,
				B76BFD59B6DF4F7D8B26BAC5 /* Pods.xcconfig */,
				9D5CC8D92A7C45B091AEED4E /* Frameworks */,
			);
			sourceTree = "<group>";
		};
		E222B15B19CD17A6007627AF /* Products */ = {
			isa = PBXGroup;
			children = (
				E222B15A19CD17A6007627AF /* GoForIt.app */,
				E222B16F19CD17A6007627AF /* GoForItTests.xctest */,
			);
			name = Products;
			sourceTree = "<group>";
		};
		E222B15C19CD17A6007627AF /* GoForIt */ = {
			isa = PBXGroup;
			children = (
				E222B18319CD2010007627AF /* microphone@3x.png */,
				E222B15F19CD17A6007627AF /* AppDelegate.swift */,
				E222B19319CD47B2007627AF /* BridgingHeader.h */,
				E222B16119CD17A6007627AF /* ViewController.swift */,
				E222B18719CD3954007627AF /* cancel_button@3x.png */,
				E222B19119CD3A65007627AF /* record_button@3x.png */,
				E222B18819CD3954007627AF /* replay_button@3x.png */,
				E222B19619CD7342007627AF /* upload_button@3x.png */,
				E222B18919CD3954007627AF /* tabbar_alarm@3x.png */,
				E222B18A19CD3954007627AF /* tabbar_microphone@3x.png */,
				E222B18B19CD3954007627AF /* tabbar_play@3x.png */,
				E222B17F19CD186F007627AF /* RecorderViewController.swift */,
				E222B19419CD6B0D007627AF /* Authentication.swift */,
				E222B16619CD17A6007627AF /* Images.xcassets */,
				E222B16819CD17A6007627AF /* LaunchScreen.xib */,
				E222B15D19CD17A6007627AF /* Supporting Files */,
			);
			path = GoForIt;
			sourceTree = "<group>";
		};
		E222B15D19CD17A6007627AF /* Supporting Files */ = {
			isa = PBXGroup;
			children = (
				E222B15E19CD17A6007627AF /* Info.plist */,
			);
			name = "Supporting Files";
			sourceTree = "<group>";
		};
		E222B17219CD17A6007627AF /* GoForItTests */ = {
			isa = PBXGroup;
			children = (
				E222B17519CD17A6007627AF /* GoForItTests.swift */,
				E222B17319CD17A6007627AF /* Supporting Files */,
			);
			path = GoForItTests;
			sourceTree = "<group>";
		};
		E222B17319CD17A6007627AF /* Supporting Files */ = {
			isa = PBXGroup;
			children = (
				E222B17419CD17A6007627AF /* Info.plist */,
			);
			name = "Supporting Files";
			sourceTree = "<group>";
		};
/* End PBXGroup section */

/* Begin PBXNativeTarget section */
		E222B15919CD17A6007627AF /* GoForIt */ = {
			isa = PBXNativeTarget;
			buildConfigurationList = E222B17919CD17A6007627AF /* Build configuration list for PBXNativeTarget "GoForIt" */;
			buildPhases = (
				5418FAA706B540418AC80270 /* Check Pods Manifest.lock */,
				E222B15619CD17A6007627AF /* Sources */,
				E222B15719CD17A6007627AF /* Frameworks */,
				E222B15819CD17A6007627AF /* Resources */,
				D34759C188D9432298B714DE /* Copy Pods Resources */,
			);
			buildRules = (
			);
			dependencies = (
			);
			name = GoForIt;
			productName = GoForIt;
			productReference = E222B15A19CD17A6007627AF /* GoForIt.app */;
			productType = "com.apple.product-type.application";
		};
		E222B16E19CD17A6007627AF /* GoForItTests */ = {
			isa = PBXNativeTarget;
			buildConfigurationList = E222B17C19CD17A6007627AF /* Build configuration list for PBXNativeTarget "GoForItTests" */;
			buildPhases = (
				E222B16B19CD17A6007627AF /* Sources */,
				E222B16C19CD17A6007627AF /* Frameworks */,
				E222B16D19CD17A6007627AF /* Resources */,
			);
			buildRules = (
			);
			dependencies = (
				E222B17119CD17A6007627AF /* PBXTargetDependency */,
			);
			name = GoForItTests;
			productName = GoForItTests;
			productReference = E222B16F19CD17A6007627AF /* GoForItTests.xctest */;
			productType = "com.apple.product-type.bundle.unit-test";
		};
/* End PBXNativeTarget section */

/* Begin PBXProject section */
		E222B15219CD17A6007627AF /* Project object */ = {
			isa = PBXProject;
			attributes = {
				LastUpgradeCheck = 0600;
				ORGANIZATIONNAME = Solfanto;
				TargetAttributes = {
					E222B15919CD17A6007627AF = {
						CreatedOnToolsVersion = 6.0;
					};
					E222B16E19CD17A6007627AF = {
						CreatedOnToolsVersion = 6.0;
						TestTargetID = E222B15919CD17A6007627AF;
					};
				};
			};
			buildConfigurationList = E222B15519CD17A6007627AF /* Build configuration list for PBXProject "GoForIt" */;
			compatibilityVersion = "Xcode 3.2";
			developmentRegion = English;
			hasScannedForEncodings = 0;
			knownRegions = (
				en,
				Base,
			);
			mainGroup = E222B15119CD17A6007627AF;
			productRefGroup = E222B15B19CD17A6007627AF /* Products */;
			projectDirPath = "";
			projectRoot = "";
			targets = (
				E222B15919CD17A6007627AF /* GoForIt */,
				E222B16E19CD17A6007627AF /* GoForItTests */,
			);
		};
/* End PBXProject section */

/* Begin PBXResourcesBuildPhase section */
		E222B15819CD17A6007627AF /* Resources */ = {
			isa = PBXResourcesBuildPhase;
			buildActionMask = 2147483647;
			files = (
				E222B18D19CD3954007627AF /* replay_button@3x.png in Resources */,
				E222B19019CD3954007627AF /* tabbar_play@3x.png in Resources */,
				E222B16A19CD17A6007627AF /* LaunchScreen.xib in Resources */,
				E222B16719CD17A6007627AF /* Images.xcassets in Resources */,
				E222B18F19CD3954007627AF /* tabbar_microphone@3x.png in Resources */,
				E222B18419CD2010007627AF /* microphone@3x.png in Resources */,
				E222B18C19CD3954007627AF /* cancel_button@3x.png in Resources */,
				E222B18E19CD3954007627AF /* tabbar_alarm@3x.png in Resources */,
				E222B19719CD7342007627AF /* upload_button@3x.png in Resources */,
				E222B19219CD3A65007627AF /* record_button@3x.png in Resources */,
			);
			runOnlyForDeploymentPostprocessing = 0;
		};
		E222B16D19CD17A6007627AF /* Resources */ = {
			isa = PBXResourcesBuildPhase;
			buildActionMask = 2147483647;
			files = (
			);
			runOnlyForDeploymentPostprocessing = 0;
		};
/* End PBXResourcesBuildPhase section */

/* Begin PBXShellScriptBuildPhase section */
		5418FAA706B540418AC80270 /* Check Pods Manifest.lock */ = {
			isa = PBXShellScriptBuildPhase;
			buildActionMask = 2147483647;
			files = (
			);
			inputPaths = (
			);
			name = "Check Pods Manifest.lock";
			outputPaths = (
			);
			runOnlyForDeploymentPostprocessing = 0;
			shellPath = /bin/sh;
			shellScript = "diff \"${PODS_ROOT}/../Podfile.lock\" \"${PODS_ROOT}/Manifest.lock\" > /dev/null\nif [[ $? != 0 ]] ; then\n    cat << EOM\nerror: The sandbox is not in sync with the Podfile.lock. Run 'pod install' or update your CocoaPods installation.\nEOM\n    exit 1\nfi\n";
			showEnvVarsInLog = 0;
		};
		D34759C188D9432298B714DE /* Copy Pods Resources */ = {
			isa = PBXShellScriptBuildPhase;
			buildActionMask = 2147483647;
			files = (
			);
			inputPaths = (
			);
			name = "Copy Pods Resources";
			outputPaths = (
			);
			runOnlyForDeploymentPostprocessing = 0;
			shellPath = /bin/sh;
			shellScript = "\"${SRCROOT}/Pods/Pods-resources.sh\"\n";
			showEnvVarsInLog = 0;
		};
/* End PBXShellScriptBuildPhase section */

/* Begin PBXSourcesBuildPhase section */
		E222B15619CD17A6007627AF /* Sources */ = {
			isa = PBXSourcesBuildPhase;
			buildActionMask = 2147483647;
			files = (
				E222B16219CD17A6007627AF /* ViewController.swift in Sources */,
				E222B18019CD186F007627AF /* RecorderViewController.swift in Sources */,
				E222B16019CD17A6007627AF /* AppDelegate.swift in Sources */,
				E222B19519CD6B0D007627AF /* Authentication.swift in Sources */,
			);
			runOnlyForDeploymentPostprocessing = 0;
		};
		E222B16B19CD17A6007627AF /* Sources */ = {
			isa = PBXSourcesBuildPhase;
			buildActionMask = 2147483647;
			files = (
				E222B17619CD17A6007627AF /* GoForItTests.swift in Sources */,
			);
			runOnlyForDeploymentPostprocessing = 0;
		};
/* End PBXSourcesBuildPhase section */

/* Begin PBXTargetDependency section */
		E222B17119CD17A6007627AF /* PBXTargetDependency */ = {
			isa = PBXTargetDependency;
			target = E222B15919CD17A6007627AF /* GoForIt */;
			targetProxy = E222B17019CD17A6007627AF /* PBXContainerItemProxy */;
		};
/* End PBXTargetDependency section */

/* Begin PBXVariantGroup section */
		E222B16819CD17A6007627AF /* LaunchScreen.xib */ = {
			isa = PBXVariantGroup;
			children = (
				E222B16919CD17A6007627AF /* Base */,
			);
			name = LaunchScreen.xib;
			sourceTree = "<group>";
		};
/* End PBXVariantGroup section */

/* Begin XCBuildConfiguration section */
		E222B17719CD17A6007627AF /* Debug */ = {
			isa = XCBuildConfiguration;
			buildSettings = {
				ALWAYS_SEARCH_USER_PATHS = NO;
				CLANG_CXX_LANGUAGE_STANDARD = "gnu++0x";
				CLANG_CXX_LIBRARY = "libc++";
				CLANG_ENABLE_MODULES = YES;
				CLANG_ENABLE_OBJC_ARC = YES;
				CLANG_WARN_BOOL_CONVERSION = YES;
				CLANG_WARN_CONSTANT_CONVERSION = YES;
				CLANG_WARN_DIRECT_OBJC_ISA_USAGE = YES_ERROR;
				CLANG_WARN_EMPTY_BODY = YES;
				CLANG_WARN_ENUM_CONVERSION = YES;
				CLANG_WARN_INT_CONVERSION = YES;
				CLANG_WARN_OBJC_ROOT_CLASS = YES_ERROR;
				CLANG_WARN_UNREACHABLE_CODE = YES;
				CLANG_WARN__DUPLICATE_METHOD_MATCH = YES;
				"CODE_SIGN_IDENTITY[sdk=iphoneos*]" = "iPhone Developer";
				COPY_PHASE_STRIP = NO;
				ENABLE_STRICT_OBJC_MSGSEND = YES;
				GCC_C_LANGUAGE_STANDARD = gnu99;
				GCC_DYNAMIC_NO_PIC = NO;
				GCC_OPTIMIZATION_LEVEL = 0;
				GCC_PREPROCESSOR_DEFINITIONS = (
					"DEBUG=1",
					"$(inherited)",
				);
				GCC_SYMBOLS_PRIVATE_EXTERN = NO;
				GCC_WARN_64_TO_32_BIT_CONVERSION = YES;
				GCC_WARN_ABOUT_RETURN_TYPE = YES_ERROR;
				GCC_WARN_UNDECLARED_SELECTOR = YES;
				GCC_WARN_UNINITIALIZED_AUTOS = YES_AGGRESSIVE;
				GCC_WARN_UNUSED_FUNCTION = YES;
				GCC_WARN_UNUSED_VARIABLE = YES;
				IPHONEOS_DEPLOYMENT_TARGET = 8.0;
				MTL_ENABLE_DEBUG_INFO = YES;
				ONLY_ACTIVE_ARCH = YES;
				SDKROOT = iphoneos;
				SWIFT_OPTIMIZATION_LEVEL = "-Onone";
				TARGETED_DEVICE_FAMILY = "1,2";
			};
			name = Debug;
		};
		E222B17819CD17A6007627AF /* Release */ = {
			isa = XCBuildConfiguration;
			buildSettings = {
				ALWAYS_SEARCH_USER_PATHS = NO;
				CLANG_CXX_LANGUAGE_STANDARD = "gnu++0x";
				CLANG_CXX_LIBRARY = "libc++";
				CLANG_ENABLE_MODULES = YES;
				CLANG_ENABLE_OBJC_ARC = YES;
				CLANG_WARN_BOOL_CONVERSION = YES;
				CLANG_WARN_CONSTANT_CONVERSION = YES;
				CLANG_WARN_DIRECT_OBJC_ISA_USAGE = YES_ERROR;
				CLANG_WARN_EMPTY_BODY = YES;
				CLANG_WARN_ENUM_CONVERSION = YES;
				CLANG_WARN_INT_CONVERSION = YES;
				CLANG_WARN_OBJC_ROOT_CLASS = YES_ERROR;
				CLANG_WARN_UNREACHABLE_CODE = YES;
				CLANG_WARN__DUPLICATE_METHOD_MATCH = YES;
				"CODE_SIGN_IDENTITY[sdk=iphoneos*]" = "iPhone Developer";
				COPY_PHASE_STRIP = YES;
				ENABLE_NS_ASSERTIONS = NO;
				ENABLE_STRICT_OBJC_MSGSEND = YES;
				GCC_C_LANGUAGE_STANDARD = gnu99;
				GCC_WARN_64_TO_32_BIT_CONVERSION = YES;
				GCC_WARN_ABOUT_RETURN_TYPE = YES_ERROR;
				GCC_WARN_UNDECLARED_SELECTOR = YES;
				GCC_WARN_UNINITIALIZED_AUTOS = YES_AGGRESSIVE;
				GCC_WARN_UNUSED_FUNCTION = YES;
				GCC_WARN_UNUSED_VARIABLE = YES;
				IPHONEOS_DEPLOYMENT_TARGET = 8.0;
				MTL_ENABLE_DEBUG_INFO = NO;
				SDKROOT = iphoneos;
				TARGETED_DEVICE_FAMILY = "1,2";
				VALIDATE_PRODUCT = YES;
			};
			name = Release;
		};
		E222B17A19CD17A6007627AF /* Debug */ = {
			isa = XCBuildConfiguration;
			baseConfigurationReference = B76BFD59B6DF4F7D8B26BAC5 /* Pods.xcconfig */;
			buildSettings = {
				ASSETCATALOG_COMPILER_APPICON_NAME = AppIcon;
				INFOPLIST_FILE = GoForIt/Info.plist;
				LD_RUNPATH_SEARCH_PATHS = "$(inherited) @executable_path/Frameworks";
				PRODUCT_NAME = "$(TARGET_NAME)";
				"SWIFT_OBJC_BRIDGING_HEADER[arch=*]" = GoForIt/BridgingHeader.h;
			};
			name = Debug;
		};
		E222B17B19CD17A6007627AF /* Release */ = {
			isa = XCBuildConfiguration;
			baseConfigurationReference = B76BFD59B6DF4F7D8B26BAC5 /* Pods.xcconfig */;
			buildSettings = {
				ASSETCATALOG_COMPILER_APPICON_NAME = AppIcon;
				INFOPLIST_FILE = GoForIt/Info.plist;
				LD_RUNPATH_SEARCH_PATHS = "$(inherited) @executable_path/Frameworks";
				PRODUCT_NAME = "$(TARGET_NAME)";
				"SWIFT_OBJC_BRIDGING_HEADER[arch=*]" = GoForIt/BridgingHeader.h;
			};
			name = Release;
		};
		E222B17D19CD17A6007627AF /* Debug */ = {
			isa = XCBuildConfiguration;
			buildSettings = {
				BUNDLE_LOADER = "$(TEST_HOST)";
				FRAMEWORK_SEARCH_PATHS = (
					"$(SDKROOT)/Developer/Library/Frameworks",
					"$(inherited)",
				);
				GCC_PREPROCESSOR_DEFINITIONS = (
					"DEBUG=1",
					"$(inherited)",
				);
				INFOPLIST_FILE = GoForItTests/Info.plist;
				LD_RUNPATH_SEARCH_PATHS = "$(inherited) @executable_path/Frameworks @loader_path/Frameworks";
				PRODUCT_NAME = "$(TARGET_NAME)";
				TEST_HOST = "$(BUILT_PRODUCTS_DIR)/GoForIt.app/GoForIt";
			};
			name = Debug;
		};
		E222B17E19CD17A6007627AF /* Release */ = {
			isa = XCBuildConfiguration;
			buildSettings = {
				BUNDLE_LOADER = "$(TEST_HOST)";
				FRAMEWORK_SEARCH_PATHS = (
					"$(SDKROOT)/Developer/Library/Frameworks",
					"$(inherited)",
				);
				INFOPLIST_FILE = GoForItTests/Info.plist;
				LD_RUNPATH_SEARCH_PATHS = "$(inherited) @executable_path/Frameworks @loader_path/Frameworks";
				PRODUCT_NAME = "$(TARGET_NAME)";
				TEST_HOST = "$(BUILT_PRODUCTS_DIR)/GoForIt.app/GoForIt";
			};
			name = Release;
		};
/* End XCBuildConfiguration section */

/* Begin XCConfigurationList section */
		E222B15519CD17A6007627AF /* Build configuration list for PBXProject "GoForIt" */ = {
			isa = XCConfigurationList;
			buildConfigurations = (
				E222B17719CD17A6007627AF /* Debug */,
				E222B17819CD17A6007627AF /* Release */,
			);
			defaultConfigurationIsVisible = 0;
			defaultConfigurationName = Release;
		};
		E222B17919CD17A6007627AF /* Build configuration list for PBXNativeTarget "GoForIt" */ = {
			isa = XCConfigurationList;
			buildConfigurations = (
				E222B17A19CD17A6007627AF /* Debug */,
				E222B17B19CD17A6007627AF /* Release */,
			);
			defaultConfigurationIsVisible = 0;
			defaultConfigurationName = Release;
		};
		E222B17C19CD17A6007627AF /* Build configuration list for PBXNativeTarget "GoForItTests" */ = {
			isa = XCConfigurationList;
			buildConfigurations = (
				E222B17D19CD17A6007627AF /* Debug */,
				E222B17E19CD17A6007627AF /* Release */,
			);
			defaultConfigurationIsVisible = 0;
			defaultConfigurationName = Release;
		};
/* End XCConfigurationList section */
	};
	rootObject = E222B15219CD17A6007627AF /* Project object */;
}
